
Microsoft Visual Studio Solution File, Format Version 12.00
# Visual Studio Version 17
VisualStudioVersion = 17.5.33627.172
MinimumVisualStudioVersion = 10.0.40219.1
Project("{FAE04EC0-301F-11D3-BF4B-00C04F79EFBC}") = "Store.Web", "Store.Web\Store.Web.csproj", "{EEDF5036-BB72-4B05-B7F3-FF073756C03B}"
EndProject
Global
	GlobalSection(SolutionConfigurationPlatforms) = preSolution
		Debug|Any CPU = Debug|Any CPU
		Release|Any CPU = Release|Any CPU
	EndGlobalSection
	GlobalSection(ProjectConfigurationPlatforms) = postSolution
		{EEDF5036-BB72-4B05-B7F3-FF073756C03B}.Debug|Any CPU.ActiveCfg = Debug|Any CPU
		{EEDF5036-BB72-4B05-B7F3-FF073756C03B}.Debug|Any CPU.Build.0 = Debug|Any CPU
		{EEDF5036-BB72-4B05-B7F3-FF073756C03B}.Release|Any CPU.ActiveCfg = Release|Any CPU
		{EEDF5036-BB72-4B05-B7F3-FF073756C03B}.Release|Any CPU.Build.0 = Release|Any CPU
	EndGlobalSection
	GlobalSection(SolutionProperties) = preSolution
		HideSolutionNode = FALSE
	EndGlobalSection
	GlobalSection(ExtensibilityGlobals) = postSolution
		SolutionGuid = {B32A3535-000E-4965-A4DB-D25D91FABFD5}
	EndGlobalSection
EndGlobal
